
Microsoft Visual Studio Solution File, Format Version 12.00
# Visual Studio 15
VisualStudioVersion = 15.0.28307.489
MinimumVisualStudioVersion = 10.0.40219.1
Project("{FAE04EC0-301F-11D3-BF4B-00C04F79EFBC}") = "WEBAPISBA", "WEBAPISBA\WEBAPISBA.csproj", "{9457F635-AC34-450B-9C93-254EB24CDFCB}"
EndProject
Global
	GlobalSection(SolutionConfigurationPlatforms) = preSolution
		Debug|Any CPU = Debug|Any CPU
		Release|Any CPU = Release|Any CPU
	EndGlobalSection
	GlobalSection(ProjectConfigurationPlatforms) = postSolution
		{9457F635-AC34-450B-9C93-254EB24CDFCB}.Debug|Any CPU.ActiveCfg = Debug|Any CPU
		{9457F635-AC34-450B-9C93-254EB24CDFCB}.Debug|Any CPU.Build.0 = Debug|Any CPU
		{9457F635-AC34-450B-9C93-254EB24CDFCB}.Release|Any CPU.ActiveCfg = Release|Any CPU
		{9457F635-AC34-450B-9C93-254EB24CDFCB}.Release|Any CPU.Build.0 = Release|Any CPU
	EndGlobalSection
	GlobalSection(SolutionProperties) = preSolution
		HideSolutionNode = FALSE
	EndGlobalSection
	GlobalSection(ExtensibilityGlobals) = postSolution
		SolutionGuid = {24594FBA-0B63-4D63-B797-247426B0B459}
	EndGlobalSection
EndGlobal
